
Microsoft Visual Studio Solution File, Format Version 12.00
# Visual Studio Version 17
VisualStudioVersion = 17.11.35312.102
MinimumVisualStudioVersion = 10.0.40219.1
Project("{9A19103F-16F7-4668-BE54-9A1E7A4F7556}") = "ClubWebApp", "ClubWebApp\ClubWebApp.csproj", "{7BD403EC-A400-46B7-A290-CC9658B54E21}"
EndProject
Project("{2150E333-8FDC-42A3-9474-1A3956D46DE8}") = "Application Web", "Application Web", "{5586A99A-5034-4E6A-9A7A-E8113672EC9B}"
EndProject
Global
	GlobalSection(SolutionConfigurationPlatforms) = preSolution
		Debug|Any CPU = Debug|Any CPU
		Release|Any CPU = Release|Any CPU
	EndGlobalSection
	GlobalSection(ProjectConfigurationPlatforms) = postSolution
		{7BD403EC-A400-46B7-A290-CC9658B54E21}.Debug|Any CPU.ActiveCfg = Debug|Any CPU
		{7BD403EC-A400-46B7-A290-CC9658B54E21}.Debug|Any CPU.Build.0 = Debug|Any CPU
		{7BD403EC-A400-46B7-A290-CC9658B54E21}.Release|Any CPU.ActiveCfg = Release|Any CPU
		{7BD403EC-A400-46B7-A290-CC9658B54E21}.Release|Any CPU.Build.0 = Release|Any CPU
	EndGlobalSection
	GlobalSection(SolutionProperties) = preSolution
		HideSolutionNode = FALSE
	EndGlobalSection
	GlobalSection(NestedProjects) = preSolution
		{7BD403EC-A400-46B7-A290-CC9658B54E21} = {5586A99A-5034-4E6A-9A7A-E8113672EC9B}
	EndGlobalSection
	GlobalSection(ExtensibilityGlobals) = postSolution
		SolutionGuid = {ABD8713C-5F53-4997-B61F-C02A901706DD}
	EndGlobalSection
EndGlobal
